<?xml version="1.0" encoding="utf-8"?>
<Project ToolsVersion="4.0" xmlns="http://schemas.microsoft.com/developer/msbuild/2003">
  <ItemGroup>
    <Filter Include="Source Files">
      <UniqueIdentifier>{988f3c1e-3882-45a6-ad2c-c388d6211203}</UniqueIdentifier>
      <Extensions>cpp;c;cxx;rc;def;r;odl;idl;hpj;bat</Extensions>
    </Filter>
    <Filter Include="Source Files\src">
      <UniqueIdentifier>{75738776-8813-46c4-b826-e27a000b88a5}</UniqueIdentifier>
    </Filter>
    <Filter Include="Source Files\libs">
      <UniqueIdentifier>{f26673db-341e-4939-bd09-a141d91ad598}</UniqueIdentifier>
    </Filter>
    <Filter Include="Source Files\libs\boost">
      <UniqueIdentifier>{e6910dbc-78aa-47a3-bdc6-2d53dcbc352e}</UniqueIdentifier>
    </Filter>
    <Filter Include="Source Files\libs\nrlib">
      <UniqueIdentifier>{18cbfcd1-b3c9-4809-86ae-807f6193cfd7}</UniqueIdentifier>
    </Filter>
    <Filter Include="Source Files\libs\lib">
      <UniqueIdentifier>{6d5e896d-fa3b-4391-b40a-b206906b17b6}</UniqueIdentifier>
    </Filter>
    <Filter Include="Source Files\libs\fft">
      <UniqueIdentifier>{73eaf845-a84a-47ba-b5b4-b2ab99851042}</UniqueIdentifier>
    </Filter>
    <Filter Include="Source Files\libs\fft\fftw">
      <UniqueIdentifier>{905f70db-59c8-4c66-b65a-8f0384acd02d}</UniqueIdentifier>
    </Filter>
    <Filter Include="Source Files\libs\fft\rfftw">
      <UniqueIdentifier>{9d7dbf12-b3e2-425a-bf2b-dfaa92069b56}</UniqueIdentifier>
    </Filter>
    <Filter Include="Source Files\libs\flens">
      <UniqueIdentifier>{9ddbe584-f599-4f4d-9b75-1a2d1fe109ca}</UniqueIdentifier>
    </Filter>
    <Filter Include="Source Files\rplib">
      <UniqueIdentifier>{272f4592-37d0-4c2f-8860-ca3436a167b6}</UniqueIdentifier>
    </Filter>
    <Filter Include="Source Files\rplib\fluid">
      <UniqueIdentifier>{ec092033-aa58-47be-a083-3ec32c9133dc}</UniqueIdentifier>
    </Filter>
    <Filter Include="Source Files\rplib\rock">
      <UniqueIdentifier>{ff0c510c-f5ce-472b-97d3-abf53ceb6c44}</UniqueIdentifier>
    </Filter>
    <Filter Include="Source Files\rplib\dryrock">
      <UniqueIdentifier>{d64d9b1c-137c-406d-8044-169c06e509b6}</UniqueIdentifier>
    </Filter>
    <Filter Include="Header Files">
      <UniqueIdentifier>{cafe651b-39b7-4aca-9449-8916e170987f}</UniqueIdentifier>
      <Extensions>h;hpp;hxx;hm;inl</Extensions>
    </Filter>
    <Filter Include="Header Files\src No. 1">
      <UniqueIdentifier>{1b38f6f3-9269-4efb-a168-8ccacb15b90a}</UniqueIdentifier>
    </Filter>
    <Filter Include="Header Files\libs">
      <UniqueIdentifier>{7b50f182-fb00-4284-bff6-683945b6bc73}</UniqueIdentifier>
    </Filter>
    <Filter Include="Header Files\libs\boost">
      <UniqueIdentifier>{6330313f-f23d-4841-8534-aa1616ea0a48}</UniqueIdentifier>
    </Filter>
    <Filter Include="Header Files\libs\nrlib">
      <UniqueIdentifier>{71bb5c04-1661-41d9-9dd5-7df3aa357855}</UniqueIdentifier>
    </Filter>
    <Filter Include="Header Files\libs\lib No. 1">
      <UniqueIdentifier>{d70ba34a-12ca-47b0-8a8c-a1e57d132911}</UniqueIdentifier>
    </Filter>
    <Filter Include="Header Files\libs\fft No. 1">
      <UniqueIdentifier>{69d9f4f0-5bf4-4bbf-8a8f-dd70dc51893c}</UniqueIdentifier>
    </Filter>
    <Filter Include="Header Files\libs\flens">
      <UniqueIdentifier>{28cb40ed-9b87-4487-9934-b7a4bb93e0d6}</UniqueIdentifier>
    </Filter>
    <Filter Include="Header Files\rplib">
      <UniqueIdentifier>{b6aa5192-1f47-4ab4-9565-e8736c9e59ec}</UniqueIdentifier>
    </Filter>
    <Filter Include="Header Files\rplib\rock">
      <UniqueIdentifier>{2ad0b09f-92bd-415a-bcbf-eac65972bf26}</UniqueIdentifier>
    </Filter>
    <Filter Include="Header Files\rplib\solid">
      <UniqueIdentifier>{3e7f25f9-871c-4d27-98d8-e323ef3173e6}</UniqueIdentifier>
    </Filter>
    <Filter Include="Header Files\rplib\fluid">
      <UniqueIdentifier>{bae2460b-84ed-4b5f-97be-e8377f457b7b}</UniqueIdentifier>
    </Filter>
    <Filter Include="Header Files\rplib\dryrock">
      <UniqueIdentifier>{e262b553-eea3-42f0-98f0-e708b25c59be}</UniqueIdentifier>
    </Filter>
    <Filter Include="Resource Files">
      <UniqueIdentifier>{f6d9c81e-4b1e-4d43-be50-a3c721a693b2}</UniqueIdentifier>
      <Extensions>ico;cur;bmp;dlg;rc2;rct;bin;rgs;gif;jpg;jpeg;jpe</Extensions>
    </Filter>
    <Filter Include="Source Files\rplib\solid">
      <UniqueIdentifier>{e388d98c-3409-458c-b469-e0b970095bfc}</UniqueIdentifier>
    </Filter>
  </ItemGroup>
  <ItemGroup>
    <ClCompile Include="main.cpp">
      <Filter>Source Files</Filter>
    </ClCompile>
    <ClCompile Include="src\analyzelog.cpp">
      <Filter>Source Files\src</Filter>
    </ClCompile>
    <ClCompile Include="src\background.cpp">
      <Filter>Source Files\src</Filter>
    </ClCompile>
    <ClCompile Include="src\blockedlogs.cpp">
      <Filter>Source Files\src</Filter>
    </ClCompile>
    <ClCompile Include="src\blockedlogsforzone.cpp">
      <Filter>Source Files\src</Filter>
    </ClCompile>
    <ClCompile Include="src\box.cpp">
      <Filter>Source Files\src</Filter>
    </ClCompile>
    <ClCompile Include="src\bwellpt.cpp">
      <Filter>Source Files\src</Filter>
    </ClCompile>
    <ClCompile Include="src\correlatedrocksamples.cpp">
      <Filter>Source Files\src</Filter>
    </ClCompile>
    <ClCompile Include="src\covgrid2d.cpp">
      <Filter>Source Files\src</Filter>
    </ClCompile>
    <ClCompile Include="src\covgridseparated.cpp">
      <Filter>Source Files\src</Filter>
    </ClCompile>
    <ClCompile Include="src\crava.cpp">
      <Filter>Source Files\src</Filter>
    </ClCompile>
    <ClCompile Include="src\cravatrend.cpp">
      <Filter>Source Files\src</Filter>
    </ClCompile>
    <ClCompile Include="src\doinversion.cpp">
      <Filter>Source Files\src</Filter>
    </ClCompile>
    <ClCompile Include="src\faciesprob.cpp">
      <Filter>Source Files\src</Filter>
    </ClCompile>
    <ClCompile Include="src\fftfilegrid.cpp">
      <Filter>Source Files\src</Filter>
    </ClCompile>
    <ClCompile Include="src\fftgrid.cpp">
      <Filter>Source Files\src</Filter>
    </ClCompile>
    <ClCompile Include="src\gridmapping.cpp">
      <Filter>Source Files\src</Filter>
    </ClCompile>
    <ClCompile Include="src\inputfiles.cpp">
      <Filter>Source Files\src</Filter>
    </ClCompile>
    <ClCompile Include="src\io.cpp">
      <Filter>Source Files\src</Filter>
    </ClCompile>
    <ClCompile Include="src\kriging2d.cpp">
      <Filter>Source Files\src</Filter>
    </ClCompile>
    <ClCompile Include="src\krigingadmin.cpp">
      <Filter>Source Files\src</Filter>
    </ClCompile>
    <ClCompile Include="src\krigingdata2d.cpp">
      <Filter>Source Files\src</Filter>
    </ClCompile>
    <ClCompile Include="src\krigingdata3d.cpp">
      <Filter>Source Files\src</Filter>
    </ClCompile>
    <ClCompile Include="src\modelavodynamic.cpp">
      <Filter>Source Files\src</Filter>
    </ClCompile>
    <ClCompile Include="src\modelavostatic.cpp">
      <Filter>Source Files\src</Filter>
    </ClCompile>
    <ClCompile Include="src\modelgeneral.cpp">
      <Filter>Source Files\src</Filter>
    </ClCompile>
    <ClCompile Include="src\modelsettings.cpp">
      <Filter>Source Files\src</Filter>
    </ClCompile>
    <ClCompile Include="src\modeltraveltimedynamic.cpp">
      <Filter>Source Files\src</Filter>
    </ClCompile>
    <ClCompile Include="src\parameteroutput.cpp">
      <Filter>Source Files\src</Filter>
    </ClCompile>
    <ClCompile Include="src\posteriorelasticpdf.cpp">
      <Filter>Source Files\src</Filter>
    </ClCompile>
    <ClCompile Include="src\posteriorelasticpdf2d.cpp">
      <Filter>Source Files\src</Filter>
    </ClCompile>
    <ClCompile Include="src\posteriorelasticpdf3d.cpp">
      <Filter>Source Files\src</Filter>
    </ClCompile>
    <ClCompile Include="src\posteriorelasticpdf4d.cpp">
      <Filter>Source Files\src</Filter>
    </ClCompile>
    <ClCompile Include="src\program.cpp">
      <Filter>Source Files\src</Filter>
    </ClCompile>
    <ClCompile Include="src\qualitygrid.cpp">
      <Filter>Source Files\src</Filter>
    </ClCompile>
    <ClCompile Include="src\seismicparametersholder.cpp">
      <Filter>Source Files\src</Filter>
    </ClCompile>
    <ClCompile Include="src\simbox.cpp">
      <Filter>Source Files\src</Filter>
    </ClCompile>
    <ClCompile Include="src\spatialwellfilter.cpp">
      <Filter>Source Files\src</Filter>
    </ClCompile>
    <ClCompile Include="src\state4d.cpp">
      <Filter>Source Files\src</Filter>
    </ClCompile>
    <ClCompile Include="src\tasklist.cpp">
      <Filter>Source Files\src</Filter>
    </ClCompile>
    <ClCompile Include="src\timeevolution.cpp">
      <Filter>Source Files\src</Filter>
    </ClCompile>
    <ClCompile Include="src\timeline.cpp">
      <Filter>Source Files\src</Filter>
    </ClCompile>
    <ClCompile Include="src\timings.cpp">
      <Filter>Source Files\src</Filter>
    </ClCompile>
    <ClCompile Include="src\vario.cpp">
      <Filter>Source Files\src</Filter>
    </ClCompile>
    <ClCompile Include="src\wavelet.cpp">
      <Filter>Source Files\src</Filter>
    </ClCompile>
    <ClCompile Include="src\wavelet1D.cpp">
      <Filter>Source Files\src</Filter>
    </ClCompile>
    <ClCompile Include="src\wavelet3D.cpp">
      <Filter>Source Files\src</Filter>
    </ClCompile>
    <ClCompile Include="src\waveletfilter.cpp">
      <Filter>Source Files\src</Filter>
    </ClCompile>
    <ClCompile Include="libs\nrlib\well\well.cpp">
      <Filter>Source Files\src</Filter>
    </ClCompile>
    <ClCompile Include="src\welldata.cpp">
      <Filter>Source Files\src</Filter>
    </ClCompile>
    <ClCompile Include="src\xmlmodelfile.cpp">
      <Filter>Source Files\src</Filter>
    </ClCompile>
    <ClCompile Include="libs\boost\system\error_code.cpp">
      <Filter>Source Files\libs\boost</Filter>
    </ClCompile>
    <ClCompile Include="libs\boost\filesystem\operations.cpp">
      <Filter>Source Files\libs\boost</Filter>
    </ClCompile>
    <ClCompile Include="libs\boost\filesystem\path.cpp">
      <Filter>Source Files\libs\boost</Filter>
    </ClCompile>
    <ClCompile Include="libs\boost\filesystem\portability.cpp">
      <Filter>Source Files\libs\boost</Filter>
    </ClCompile>
    <ClCompile Include="libs\nrlib\random\beta.cpp">
      <Filter>Source Files\libs\nrlib</Filter>
    </ClCompile>
    <ClCompile Include="libs\nrlib\random\chisquared.cpp">
      <Filter>Source Files\libs\nrlib</Filter>
    </ClCompile>
    <ClCompile Include="libs\nrlib\segy\commonheaders.cpp">
      <Filter>Source Files\libs\nrlib</Filter>
    </ClCompile>
    <ClCompile Include="libs\nrlib\math\constants.cpp">
      <Filter>Source Files\libs\nrlib</Filter>
    </ClCompile>
    <ClCompile Include="libs\nrlib\random\delta.cpp">
      <Filter>Source Files\libs\nrlib</Filter>
    </ClCompile>
    <ClCompile Include="libs\nrlib\iotools\fileio.cpp">
      <Filter>Source Files\libs\nrlib</Filter>
    </ClCompile>
    <ClCompile Include="libs\nrlib\random\functions.cpp">
      <Filter>Source Files\libs\nrlib</Filter>
    </ClCompile>
    <ClCompile Include="libs\nrlib\random\gamma.cpp">
      <Filter>Source Files\libs\nrlib</Filter>
    </ClCompile>
    <ClCompile Include="libs\nrlib\iotools\logkit.cpp">
      <Filter>Source Files\libs\nrlib</Filter>
    </ClCompile>
    <ClCompile Include="libs\nrlib\random\normal.cpp">
      <Filter>Source Files\libs\nrlib</Filter>
    </ClCompile>
    <ClCompile Include="libs\nrlib\well\norsarwell.cpp">
      <Filter>Source Files\libs\nrlib</Filter>
    </ClCompile>
    <ClCompile Include="libs\nrlib\flens\nrlib_flens.cpp">
      <Filter>Source Files\libs\nrlib</Filter>
    </ClCompile>
    <ClCompile Include="libs\nrlib\geometry\point.cpp">
      <Filter>Source Files\libs\nrlib</Filter>
    </ClCompile>
    <ClCompile Include="libs\nrlib\random\random.cpp">
      <Filter>Source Files\libs\nrlib</Filter>
    </ClCompile>
    <ClCompile Include="libs\nrlib\segy\segy.cpp">
      <Filter>Source Files\libs\nrlib</Filter>
    </ClCompile>
    <ClCompile Include="libs\nrlib\segy\segygeometry.cpp">
      <Filter>Source Files\libs\nrlib</Filter>
    </ClCompile>
    <ClCompile Include="libs\nrlib\segy\segytrace.cpp">
      <Filter>Source Files\libs\nrlib</Filter>
    </ClCompile>
    <ClCompile Include="libs\nrlib\stormgrid\stormcontgrid.cpp">
      <Filter>Source Files\libs\nrlib</Filter>
    </ClCompile>
    <ClCompile Include="libs\nrlib\iotools\stringtools.cpp">
      <Filter>Source Files\libs\nrlib</Filter>
    </ClCompile>
    <ClCompile Include="libs\nrlib\surface\surfaceio.cpp">
      <Filter>Source Files\libs\nrlib</Filter>
    </ClCompile>
    <ClCompile Include="libs\nrlib\tinyxml\tinyxml.cpp">
      <Filter>Source Files\libs\nrlib</Filter>
    </ClCompile>
    <ClCompile Include="libs\nrlib\tinyxml\tinyxmlerror.cpp">
      <Filter>Source Files\libs\nrlib</Filter>
    </ClCompile>
    <ClCompile Include="libs\nrlib\tinyxml\tinyxmlparser.cpp">
      <Filter>Source Files\libs\nrlib</Filter>
    </ClCompile>
    <ClCompile Include="libs\nrlib\segy\traceheader.cpp">
      <Filter>Source Files\libs\nrlib</Filter>
    </ClCompile>
    <ClCompile Include="libs\nrlib\trend\trend.cpp">
      <Filter>Source Files\libs\nrlib</Filter>
    </ClCompile>
    <ClCompile Include="libs\nrlib\trend\trendkit.cpp">
      <Filter>Source Files\libs\nrlib</Filter>
    </ClCompile>
    <ClCompile Include="libs\nrlib\trend\trendstorage.cpp">
      <Filter>Source Files\libs\nrlib</Filter>
    </ClCompile>
    <ClCompile Include="libs\nrlib\random\uniform.cpp">
      <Filter>Source Files\libs\nrlib</Filter>
    </ClCompile>
    <ClCompile Include="libs\nrlib\volume\volume.cpp">
      <Filter>Source Files\libs\nrlib</Filter>
    </ClCompile>
    <ClCompile Include="libs\lib\kriging1d.cpp">
      <Filter>Source Files\libs\lib</Filter>
    </ClCompile>
    <ClCompile Include="libs\lib\lib_matr.c">
      <Filter>Source Files\libs\lib</Filter>
    </ClCompile>
    <ClCompile Include="libs\lib\random.cpp">
      <Filter>Source Files\libs\lib</Filter>
    </ClCompile>
    <ClCompile Include="libs\lib\systemcall.cpp">
      <Filter>Source Files\libs\lib</Filter>
    </ClCompile>
    <ClCompile Include="libs\lib\timekit.cpp">
      <Filter>Source Files\libs\lib</Filter>
    </ClCompile>
    <ClCompile Include="libs\lib\utils.cpp">
      <Filter>Source Files\libs\lib</Filter>
    </ClCompile>
    <ClCompile Include="libs\fft\fftw\config.c">
      <Filter>Source Files\libs\fft\fftw</Filter>
    </ClCompile>
    <ClCompile Include="libs\fft\fftw\executor.c">
      <Filter>Source Files\libs\fft\fftw</Filter>
    </ClCompile>
    <ClCompile Include="libs\fft\fftw\fftwf77.c">
      <Filter>Source Files\libs\fft\fftw</Filter>
    </ClCompile>
    <ClCompile Include="libs\fft\fftw\fftwnd.c">
      <Filter>Source Files\libs\fft\fftw</Filter>
    </ClCompile>
    <ClCompile Include="libs\fft\fftw\fn_1.c">
      <Filter>Source Files\libs\fft\fftw</Filter>
    </ClCompile>
    <ClCompile Include="libs\fft\fftw\fn_10.c">
      <Filter>Source Files\libs\fft\fftw</Filter>
    </ClCompile>
    <ClCompile Include="libs\fft\fftw\fn_11.c">
      <Filter>Source Files\libs\fft\fftw</Filter>
    </ClCompile>
    <ClCompile Include="libs\fft\fftw\fn_12.c">
      <Filter>Source Files\libs\fft\fftw</Filter>
    </ClCompile>
    <ClCompile Include="libs\fft\fftw\fn_13.c">
      <Filter>Source Files\libs\fft\fftw</Filter>
    </ClCompile>
    <ClCompile Include="libs\fft\fftw\fn_14.c">
      <Filter>Source Files\libs\fft\fftw</Filter>
    </ClCompile>
    <ClCompile Include="libs\fft\fftw\fn_15.c">
      <Filter>Source Files\libs\fft\fftw</Filter>
    </ClCompile>
    <ClCompile Include="libs\fft\fftw\fn_16.c">
      <Filter>Source Files\libs\fft\fftw</Filter>
    </ClCompile>
    <ClCompile Include="libs\fft\fftw\fn_2.c">
      <Filter>Source Files\libs\fft\fftw</Filter>
    </ClCompile>
    <ClCompile Include="libs\fft\fftw\fn_3.c">
      <Filter>Source Files\libs\fft\fftw</Filter>
    </ClCompile>
    <ClCompile Include="libs\fft\fftw\fn_32.c">
      <Filter>Source Files\libs\fft\fftw</Filter>
    </ClCompile>
    <ClCompile Include="libs\fft\fftw\fn_4.c">
      <Filter>Source Files\libs\fft\fftw</Filter>
    </ClCompile>
    <ClCompile Include="libs\fft\fftw\fn_5.c">
      <Filter>Source Files\libs\fft\fftw</Filter>
    </ClCompile>
    <ClCompile Include="libs\fft\fftw\fn_6.c">
      <Filter>Source Files\libs\fft\fftw</Filter>
    </ClCompile>
    <ClCompile Include="libs\fft\fftw\fn_64.c">
      <Filter>Source Files\libs\fft\fftw</Filter>
    </ClCompile>
    <ClCompile Include="libs\fft\fftw\fn_7.c">
      <Filter>Source Files\libs\fft\fftw</Filter>
    </ClCompile>
    <ClCompile Include="libs\fft\fftw\fn_8.c">
      <Filter>Source Files\libs\fft\fftw</Filter>
    </ClCompile>
    <ClCompile Include="libs\fft\fftw\fn_9.c">
      <Filter>Source Files\libs\fft\fftw</Filter>
    </ClCompile>
    <ClCompile Include="libs\fft\fftw\fni_1.c">
      <Filter>Source Files\libs\fft\fftw</Filter>
    </ClCompile>
    <ClCompile Include="libs\fft\fftw\fni_10.c">
      <Filter>Source Files\libs\fft\fftw</Filter>
    </ClCompile>
    <ClCompile Include="libs\fft\fftw\fni_11.c">
      <Filter>Source Files\libs\fft\fftw</Filter>
    </ClCompile>
    <ClCompile Include="libs\fft\fftw\fni_12.c">
      <Filter>Source Files\libs\fft\fftw</Filter>
    </ClCompile>
    <ClCompile Include="libs\fft\fftw\fni_13.c">
      <Filter>Source Files\libs\fft\fftw</Filter>
    </ClCompile>
    <ClCompile Include="libs\fft\fftw\fni_14.c">
      <Filter>Source Files\libs\fft\fftw</Filter>
    </ClCompile>
    <ClCompile Include="libs\fft\fftw\fni_15.c">
      <Filter>Source Files\libs\fft\fftw</Filter>
    </ClCompile>
    <ClCompile Include="libs\fft\fftw\fni_16.c">
      <Filter>Source Files\libs\fft\fftw</Filter>
    </ClCompile>
    <ClCompile Include="libs\fft\fftw\fni_2.c">
      <Filter>Source Files\libs\fft\fftw</Filter>
    </ClCompile>
    <ClCompile Include="libs\fft\fftw\fni_3.c">
      <Filter>Source Files\libs\fft\fftw</Filter>
    </ClCompile>
    <ClCompile Include="libs\fft\fftw\fni_32.c">
      <Filter>Source Files\libs\fft\fftw</Filter>
    </ClCompile>
    <ClCompile Include="libs\fft\fftw\fni_4.c">
      <Filter>Source Files\libs\fft\fftw</Filter>
    </ClCompile>
    <ClCompile Include="libs\fft\fftw\fni_5.c">
      <Filter>Source Files\libs\fft\fftw</Filter>
    </ClCompile>
    <ClCompile Include="libs\fft\fftw\fni_6.c">
      <Filter>Source Files\libs\fft\fftw</Filter>
    </ClCompile>
    <ClCompile Include="libs\fft\fftw\fni_64.c">
      <Filter>Source Files\libs\fft\fftw</Filter>
    </ClCompile>
    <ClCompile Include="libs\fft\fftw\fni_7.c">
      <Filter>Source Files\libs\fft\fftw</Filter>
    </ClCompile>
    <ClCompile Include="libs\fft\fftw\fni_8.c">
      <Filter>Source Files\libs\fft\fftw</Filter>
    </ClCompile>
    <ClCompile Include="libs\fft\fftw\fni_9.c">
      <Filter>Source Files\libs\fft\fftw</Filter>
    </ClCompile>
    <ClCompile Include="libs\fft\fftw\ftw_10.c">
      <Filter>Source Files\libs\fft\fftw</Filter>
    </ClCompile>
    <ClCompile Include="libs\fft\fftw\ftw_16.c">
      <Filter>Source Files\libs\fft\fftw</Filter>
    </ClCompile>
    <ClCompile Include="libs\fft\fftw\ftw_2.c">
      <Filter>Source Files\libs\fft\fftw</Filter>
    </ClCompile>
    <ClCompile Include="libs\fft\fftw\ftw_3.c">
      <Filter>Source Files\libs\fft\fftw</Filter>
    </ClCompile>
    <ClCompile Include="libs\fft\fftw\ftw_32.c">
      <Filter>Source Files\libs\fft\fftw</Filter>
    </ClCompile>
    <ClCompile Include="libs\fft\fftw\ftw_4.c">
      <Filter>Source Files\libs\fft\fftw</Filter>
    </ClCompile>
    <ClCompile Include="libs\fft\fftw\ftw_5.c">
      <Filter>Source Files\libs\fft\fftw</Filter>
    </ClCompile>
    <ClCompile Include="libs\fft\fftw\ftw_6.c">
      <Filter>Source Files\libs\fft\fftw</Filter>
    </ClCompile>
    <ClCompile Include="libs\fft\fftw\ftw_64.c">
      <Filter>Source Files\libs\fft\fftw</Filter>
    </ClCompile>
    <ClCompile Include="libs\fft\fftw\ftw_7.c">
      <Filter>Source Files\libs\fft\fftw</Filter>
    </ClCompile>
    <ClCompile Include="libs\fft\fftw\ftw_8.c">
      <Filter>Source Files\libs\fft\fftw</Filter>
    </ClCompile>
    <ClCompile Include="libs\fft\fftw\ftw_9.c">
      <Filter>Source Files\libs\fft\fftw</Filter>
    </ClCompile>
    <ClCompile Include="libs\fft\fftw\ftwi_10.c">
      <Filter>Source Files\libs\fft\fftw</Filter>
    </ClCompile>
    <ClCompile Include="libs\fft\fftw\ftwi_16.c">
      <Filter>Source Files\libs\fft\fftw</Filter>
    </ClCompile>
    <ClCompile Include="libs\fft\fftw\ftwi_2.c">
      <Filter>Source Files\libs\fft\fftw</Filter>
    </ClCompile>
    <ClCompile Include="libs\fft\fftw\ftwi_3.c">
      <Filter>Source Files\libs\fft\fftw</Filter>
    </ClCompile>
    <ClCompile Include="libs\fft\fftw\ftwi_32.c">
      <Filter>Source Files\libs\fft\fftw</Filter>
    </ClCompile>
    <ClCompile Include="libs\fft\fftw\ftwi_4.c">
      <Filter>Source Files\libs\fft\fftw</Filter>
    </ClCompile>
    <ClCompile Include="libs\fft\fftw\ftwi_5.c">
      <Filter>Source Files\libs\fft\fftw</Filter>
    </ClCompile>
    <ClCompile Include="libs\fft\fftw\ftwi_6.c">
      <Filter>Source Files\libs\fft\fftw</Filter>
    </ClCompile>
    <ClCompile Include="libs\fft\fftw\ftwi_64.c">
      <Filter>Source Files\libs\fft\fftw</Filter>
    </ClCompile>
    <ClCompile Include="libs\fft\fftw\ftwi_7.c">
      <Filter>Source Files\libs\fft\fftw</Filter>
    </ClCompile>
    <ClCompile Include="libs\fft\fftw\ftwi_8.c">
      <Filter>Source Files\libs\fft\fftw</Filter>
    </ClCompile>
    <ClCompile Include="libs\fft\fftw\ftwi_9.c">
      <Filter>Source Files\libs\fft\fftw</Filter>
    </ClCompile>
    <ClCompile Include="libs\fft\fftw\generic.c">
      <Filter>Source Files\libs\fft\fftw</Filter>
    </ClCompile>
    <ClCompile Include="libs\fft\fftw\malloc.c">
      <Filter>Source Files\libs\fft\fftw</Filter>
    </ClCompile>
    <ClCompile Include="libs\fft\fftw\planner.c">
      <Filter>Source Files\libs\fft\fftw</Filter>
    </ClCompile>
    <ClCompile Include="libs\fft\fftw\putils.c">
      <Filter>Source Files\libs\fft\fftw</Filter>
    </ClCompile>
    <ClCompile Include="libs\fft\fftw\rader.c">
      <Filter>Source Files\libs\fft\fftw</Filter>
    </ClCompile>
    <ClCompile Include="libs\fft\fftw\timer.c">
      <Filter>Source Files\libs\fft\fftw</Filter>
    </ClCompile>
    <ClCompile Include="libs\fft\fftw\twiddle.c">
      <Filter>Source Files\libs\fft\fftw</Filter>
    </ClCompile>
    <ClCompile Include="libs\fft\fftw\wisdom.c">
      <Filter>Source Files\libs\fft\fftw</Filter>
    </ClCompile>
    <ClCompile Include="libs\fft\fftw\wisdomio.c">
      <Filter>Source Files\libs\fft\fftw</Filter>
    </ClCompile>
    <ClCompile Include="libs\fft\rfftw\fcr_1.c">
      <Filter>Source Files\libs\fft\rfftw</Filter>
    </ClCompile>
    <ClCompile Include="libs\fft\rfftw\fcr_10.c">
      <Filter>Source Files\libs\fft\rfftw</Filter>
    </ClCompile>
    <ClCompile Include="libs\fft\rfftw\fcr_11.c">
      <Filter>Source Files\libs\fft\rfftw</Filter>
    </ClCompile>
    <ClCompile Include="libs\fft\rfftw\fcr_12.c">
      <Filter>Source Files\libs\fft\rfftw</Filter>
    </ClCompile>
    <ClCompile Include="libs\fft\rfftw\fcr_128.c">
      <Filter>Source Files\libs\fft\rfftw</Filter>
    </ClCompile>
    <ClCompile Include="libs\fft\rfftw\fcr_13.c">
      <Filter>Source Files\libs\fft\rfftw</Filter>
    </ClCompile>
    <ClCompile Include="libs\fft\rfftw\fcr_14.c">
      <Filter>Source Files\libs\fft\rfftw</Filter>
    </ClCompile>
    <ClCompile Include="libs\fft\rfftw\fcr_15.c">
      <Filter>Source Files\libs\fft\rfftw</Filter>
    </ClCompile>
    <ClCompile Include="libs\fft\rfftw\fcr_16.c">
      <Filter>Source Files\libs\fft\rfftw</Filter>
    </ClCompile>
    <ClCompile Include="libs\fft\rfftw\fcr_2.c">
      <Filter>Source Files\libs\fft\rfftw</Filter>
    </ClCompile>
    <ClCompile Include="libs\fft\rfftw\fcr_3.c">
      <Filter>Source Files\libs\fft\rfftw</Filter>
    </ClCompile>
    <ClCompile Include="libs\fft\rfftw\fcr_32.c">
      <Filter>Source Files\libs\fft\rfftw</Filter>
    </ClCompile>
    <ClCompile Include="libs\fft\rfftw\fcr_4.c">
      <Filter>Source Files\libs\fft\rfftw</Filter>
    </ClCompile>
    <ClCompile Include="libs\fft\rfftw\fcr_5.c">
      <Filter>Source Files\libs\fft\rfftw</Filter>
    </ClCompile>
    <ClCompile Include="libs\fft\rfftw\fcr_6.c">
      <Filter>Source Files\libs\fft\rfftw</Filter>
    </ClCompile>
    <ClCompile Include="libs\fft\rfftw\fcr_64.c">
      <Filter>Source Files\libs\fft\rfftw</Filter>
    </ClCompile>
    <ClCompile Include="libs\fft\rfftw\fcr_7.c">
      <Filter>Source Files\libs\fft\rfftw</Filter>
    </ClCompile>
    <ClCompile Include="libs\fft\rfftw\fcr_8.c">
      <Filter>Source Files\libs\fft\rfftw</Filter>
    </ClCompile>
    <ClCompile Include="libs\fft\rfftw\fcr_9.c">
      <Filter>Source Files\libs\fft\rfftw</Filter>
    </ClCompile>
    <ClCompile Include="libs\fft\rfftw\fhb_10.c">
      <Filter>Source Files\libs\fft\rfftw</Filter>
    </ClCompile>
    <ClCompile Include="libs\fft\rfftw\fhb_16.c">
      <Filter>Source Files\libs\fft\rfftw</Filter>
    </ClCompile>
    <ClCompile Include="libs\fft\rfftw\fhb_2.c">
      <Filter>Source Files\libs\fft\rfftw</Filter>
    </ClCompile>
    <ClCompile Include="libs\fft\rfftw\fhb_3.c">
      <Filter>Source Files\libs\fft\rfftw</Filter>
    </ClCompile>
    <ClCompile Include="libs\fft\rfftw\fhb_32.c">
      <Filter>Source Files\libs\fft\rfftw</Filter>
    </ClCompile>
    <ClCompile Include="libs\fft\rfftw\fhb_4.c">
      <Filter>Source Files\libs\fft\rfftw</Filter>
    </ClCompile>
    <ClCompile Include="libs\fft\rfftw\fhb_5.c">
      <Filter>Source Files\libs\fft\rfftw</Filter>
    </ClCompile>
    <ClCompile Include="libs\fft\rfftw\fhb_6.c">
      <Filter>Source Files\libs\fft\rfftw</Filter>
    </ClCompile>
    <ClCompile Include="libs\fft\rfftw\fhb_7.c">
      <Filter>Source Files\libs\fft\rfftw</Filter>
    </ClCompile>
    <ClCompile Include="libs\fft\rfftw\fhb_8.c">
      <Filter>Source Files\libs\fft\rfftw</Filter>
    </ClCompile>
    <ClCompile Include="libs\fft\rfftw\fhb_9.c">
      <Filter>Source Files\libs\fft\rfftw</Filter>
    </ClCompile>
    <ClCompile Include="libs\fft\rfftw\fhf_10.c">
      <Filter>Source Files\libs\fft\rfftw</Filter>
    </ClCompile>
    <ClCompile Include="libs\fft\rfftw\fhf_16.c">
      <Filter>Source Files\libs\fft\rfftw</Filter>
    </ClCompile>
    <ClCompile Include="libs\fft\rfftw\fhf_2.c">
      <Filter>Source Files\libs\fft\rfftw</Filter>
    </ClCompile>
    <ClCompile Include="libs\fft\rfftw\fhf_3.c">
      <Filter>Source Files\libs\fft\rfftw</Filter>
    </ClCompile>
    <ClCompile Include="libs\fft\rfftw\fhf_32.c">
      <Filter>Source Files\libs\fft\rfftw</Filter>
    </ClCompile>
    <ClCompile Include="libs\fft\rfftw\fhf_4.c">
      <Filter>Source Files\libs\fft\rfftw</Filter>
    </ClCompile>
    <ClCompile Include="libs\fft\rfftw\fhf_5.c">
      <Filter>Source Files\libs\fft\rfftw</Filter>
    </ClCompile>
    <ClCompile Include="libs\fft\rfftw\fhf_6.c">
      <Filter>Source Files\libs\fft\rfftw</Filter>
    </ClCompile>
    <ClCompile Include="libs\fft\rfftw\fhf_7.c">
      <Filter>Source Files\libs\fft\rfftw</Filter>
    </ClCompile>
    <ClCompile Include="libs\fft\rfftw\fhf_8.c">
      <Filter>Source Files\libs\fft\rfftw</Filter>
    </ClCompile>
    <ClCompile Include="libs\fft\rfftw\fhf_9.c">
      <Filter>Source Files\libs\fft\rfftw</Filter>
    </ClCompile>
    <ClCompile Include="libs\fft\rfftw\frc_1.c">
      <Filter>Source Files\libs\fft\rfftw</Filter>
    </ClCompile>
    <ClCompile Include="libs\fft\rfftw\frc_10.c">
      <Filter>Source Files\libs\fft\rfftw</Filter>
    </ClCompile>
    <ClCompile Include="libs\fft\rfftw\frc_11.c">
      <Filter>Source Files\libs\fft\rfftw</Filter>
    </ClCompile>
    <ClCompile Include="libs\fft\rfftw\frc_12.c">
      <Filter>Source Files\libs\fft\rfftw</Filter>
    </ClCompile>
    <ClCompile Include="libs\fft\rfftw\frc_128.c">
      <Filter>Source Files\libs\fft\rfftw</Filter>
    </ClCompile>
    <ClCompile Include="libs\fft\rfftw\frc_13.c">
      <Filter>Source Files\libs\fft\rfftw</Filter>
    </ClCompile>
    <ClCompile Include="libs\fft\rfftw\frc_14.c">
      <Filter>Source Files\libs\fft\rfftw</Filter>
    </ClCompile>
    <ClCompile Include="libs\fft\rfftw\frc_15.c">
      <Filter>Source Files\libs\fft\rfftw</Filter>
    </ClCompile>
    <ClCompile Include="libs\fft\rfftw\frc_16.c">
      <Filter>Source Files\libs\fft\rfftw</Filter>
    </ClCompile>
    <ClCompile Include="libs\fft\rfftw\frc_2.c">
      <Filter>Source Files\libs\fft\rfftw</Filter>
    </ClCompile>
    <ClCompile Include="libs\fft\rfftw\frc_3.c">
      <Filter>Source Files\libs\fft\rfftw</Filter>
    </ClCompile>
    <ClCompile Include="libs\fft\rfftw\frc_32.c">
      <Filter>Source Files\libs\fft\rfftw</Filter>
    </ClCompile>
    <ClCompile Include="libs\fft\rfftw\frc_4.c">
      <Filter>Source Files\libs\fft\rfftw</Filter>
    </ClCompile>
    <ClCompile Include="libs\fft\rfftw\frc_5.c">
      <Filter>Source Files\libs\fft\rfftw</Filter>
    </ClCompile>
    <ClCompile Include="libs\fft\rfftw\frc_6.c">
      <Filter>Source Files\libs\fft\rfftw</Filter>
    </ClCompile>
    <ClCompile Include="libs\fft\rfftw\frc_64.c">
      <Filter>Source Files\libs\fft\rfftw</Filter>
    </ClCompile>
    <ClCompile Include="libs\fft\rfftw\frc_7.c">
      <Filter>Source Files\libs\fft\rfftw</Filter>
    </ClCompile>
    <ClCompile Include="libs\fft\rfftw\frc_8.c">
      <Filter>Source Files\libs\fft\rfftw</Filter>
    </ClCompile>
    <ClCompile Include="libs\fft\rfftw\frc_9.c">
      <Filter>Source Files\libs\fft\rfftw</Filter>
    </ClCompile>
    <ClCompile Include="libs\fft\rfftw\rconfig.c">
      <Filter>Source Files\libs\fft\rfftw</Filter>
    </ClCompile>
    <ClCompile Include="libs\fft\rfftw\rexec.c">
      <Filter>Source Files\libs\fft\rfftw</Filter>
    </ClCompile>
    <ClCompile Include="libs\fft\rfftw\rexec2.c">
      <Filter>Source Files\libs\fft\rfftw</Filter>
    </ClCompile>
    <ClCompile Include="libs\fft\rfftw\rfftwf77.c">
      <Filter>Source Files\libs\fft\rfftw</Filter>
    </ClCompile>
    <ClCompile Include="libs\fft\rfftw\rfftwnd.c">
      <Filter>Source Files\libs\fft\rfftw</Filter>
    </ClCompile>
    <ClCompile Include="libs\fft\rfftw\rgeneric.c">
      <Filter>Source Files\libs\fft\rfftw</Filter>
    </ClCompile>
    <ClCompile Include="libs\fft\rfftw\rplanner.c">
      <Filter>Source Files\libs\fft\rfftw</Filter>
    </ClCompile>
    <ClCompile Include="libs\flens\aux_complex.cc">
      <Filter>Source Files\libs\flens</Filter>
    </ClCompile>
    <ClCompile Include="libs\flens\aux_malloc.cc">
      <Filter>Source Files\libs\flens</Filter>
    </ClCompile>
    <ClCompile Include="libs\flens\blas.cc">
      <Filter>Source Files\libs\flens</Filter>
    </ClCompile>
    <ClCompile Include="libs\flens\id.cc">
      <Filter>Source Files\libs\flens</Filter>
    </ClCompile>
    <ClCompile Include="libs\flens\lapack.cc">
      <Filter>Source Files\libs\flens</Filter>
    </ClCompile>
    <ClCompile Include="libs\flens\range.cc">
      <Filter>Source Files\libs\flens</Filter>
    </ClCompile>
    <ClCompile Include="libs\flens\scalarclosures.cc">
      <Filter>Source Files\libs\flens</Filter>
    </ClCompile>
    <ClCompile Include="libs\flens\snapshot.cc">
      <Filter>Source Files\libs\flens</Filter>
    </ClCompile>
    <ClCompile Include="libs\flens\sparse_blas.cc">
      <Filter>Source Files\libs\flens</Filter>
    </ClCompile>
    <ClCompile Include="libs\flens\underscore.cc">
      <Filter>Source Files\libs\flens</Filter>
    </ClCompile>
    <ClCompile Include="rplib\betadistributionwithtrend.cpp">
      <Filter>Source Files\rplib</Filter>
    </ClCompile>
    <ClCompile Include="rplib\deltadistributionwithtrend.cpp">
      <Filter>Source Files\rplib</Filter>
    </ClCompile>
    <ClCompile Include="rplib\dem.cpp">
      <Filter>Source Files\rplib</Filter>
    </ClCompile>
    <ClCompile Include="rplib\demmodelling.cpp">
      <Filter>Source Files\rplib</Filter>
    </ClCompile>
    <ClCompile Include="rplib\distributionsstoragekit.cpp">
      <Filter>Source Files\rplib</Filter>
    </ClCompile>
    <ClCompile Include="rplib\distributionwithtrend.cpp">
      <Filter>Source Files\rplib</Filter>
    </ClCompile>
    <ClCompile Include="rplib\distributionwithtrendstorage.cpp">
      <Filter>Source Files\rplib</Filter>
    </ClCompile>
    <ClCompile Include="rplib\normaldistributionwithtrend.cpp">
      <Filter>Source Files\rplib</Filter>
    </ClCompile>
    <ClCompile Include="rplib\orddiffeqsolver.cpp">
      <Filter>Source Files\rplib</Filter>
    </ClCompile>
    <ClCompile Include="rplib\syntwelldata.cpp">
      <Filter>Source Files\rplib</Filter>
    </ClCompile>
    <ClCompile Include="rplib\tabulated.cpp">
      <Filter>Source Files\rplib</Filter>
    </ClCompile>
    <ClCompile Include="rplib\distributionssolid.cpp">
      <Filter>Source Files\rplib\solid</Filter>
    </ClCompile>
    <ClCompile Include="rplib\distributionssoliddem.cpp">
      <Filter>Source Files\rplib\solid</Filter>
    </ClCompile>
    <ClCompile Include="rplib\distributionssolidmix.cpp">
      <Filter>Source Files\rplib\solid</Filter>
    </ClCompile>
    <ClCompile Include="rplib\distributionssolidstorage.cpp">
      <Filter>Source Files\rplib\solid</Filter>
    </ClCompile>
    <ClCompile Include="rplib\distributionssolidtabulated.cpp">
      <Filter>Source Files\rplib\solid</Filter>
    </ClCompile>
    <ClCompile Include="rplib\soliddem.cpp">
      <Filter>Source Files\rplib\solid</Filter>
    </ClCompile>
    <ClCompile Include="rplib\solidmix.cpp">
      <Filter>Source Files\rplib\solid</Filter>
    </ClCompile>
    <ClCompile Include="rplib\solidtabulatedmodulus.cpp">
      <Filter>Source Files\rplib\solid</Filter>
    </ClCompile>
    <ClCompile Include="rplib\distributionsfluid.cpp">
      <Filter>Source Files\rplib\fluid</Filter>
    </ClCompile>
    <ClCompile Include="rplib\distributionsfluidbatzlewang.cpp">
      <Filter>Source Files\rplib\fluid</Filter>
    </ClCompile>
    <ClCompile Include="rplib\distributionsfluidco2.cpp">
      <Filter>Source Files\rplib\fluid</Filter>
    </ClCompile>
    <ClCompile Include="rplib\distributionsfluidmix.cpp">
      <Filter>Source Files\rplib\fluid</Filter>
    </ClCompile>
    <ClCompile Include="rplib\distributionsfluidstorage.cpp">
      <Filter>Source Files\rplib\fluid</Filter>
    </ClCompile>
    <ClCompile Include="rplib\distributionsfluidtabulated.cpp">
      <Filter>Source Files\rplib\fluid</Filter>
    </ClCompile>
    <ClCompile Include="rplib\fluidbatzlewang.cpp">
      <Filter>Source Files\rplib\fluid</Filter>
    </ClCompile>
    <ClCompile Include="rplib\fluidco2.cpp">
      <Filter>Source Files\rplib\fluid</Filter>
    </ClCompile>
    <ClCompile Include="rplib\fluidmix.cpp">
      <Filter>Source Files\rplib\fluid</Filter>
    </ClCompile>
    <ClCompile Include="rplib\fluidtabulatedmodulus.cpp">
      <Filter>Source Files\rplib\fluid</Filter>
    </ClCompile>
    <ClCompile Include="rplib\distributionsrock.cpp">
      <Filter>Source Files\rplib\rock</Filter>
    </ClCompile>
    <ClCompile Include="rplib\distributionsrockbounding.cpp">
      <Filter>Source Files\rplib\rock</Filter>
    </ClCompile>
    <ClCompile Include="rplib\distributionsrockdem.cpp">
      <Filter>Source Files\rplib\rock</Filter>
    </ClCompile>
    <ClCompile Include="rplib\distributionsrockgassmann.cpp">
      <Filter>Source Files\rplib\rock</Filter>
    </ClCompile>
    <ClCompile Include="rplib\distributionsrockmix.cpp">
      <Filter>Source Files\rplib\rock</Filter>
    </ClCompile>
    <ClCompile Include="rplib\distributionsrockstorage.cpp">
      <Filter>Source Files\rplib\rock</Filter>
    </ClCompile>
    <ClCompile Include="rplib\distributionsrocktabulated.cpp">
      <Filter>Source Files\rplib\rock</Filter>
    </ClCompile>
    <ClCompile Include="rplib\rock.cpp">
      <Filter>Source Files\rplib\rock</Filter>
    </ClCompile>
    <ClCompile Include="rplib\rockbounding.cpp">
      <Filter>Source Files\rplib\rock</Filter>
    </ClCompile>
    <ClCompile Include="rplib\rockdem.cpp">
      <Filter>Source Files\rplib\rock</Filter>
    </ClCompile>
    <ClCompile Include="rplib\rockgassmann.cpp">
      <Filter>Source Files\rplib\rock</Filter>
    </ClCompile>
    <ClCompile Include="rplib\rockmix.cpp">
      <Filter>Source Files\rplib\rock</Filter>
    </ClCompile>
    <ClCompile Include="rplib\rocktabulatedvelocity.cpp">
      <Filter>Source Files\rplib\rock</Filter>
    </ClCompile>
    <ClCompile Include="rplib\distributionsdryrockdem.cpp">
      <Filter>Source Files\rplib\dryrock</Filter>
    </ClCompile>
    <ClCompile Include="rplib\distributionsdryrockmix.cpp">
      <Filter>Source Files\rplib\dryrock</Filter>
    </ClCompile>
    <ClCompile Include="rplib\distributionsdryrockstorage.cpp">
      <Filter>Source Files\rplib\dryrock</Filter>
    </ClCompile>
    <ClCompile Include="rplib\distributionsdryrocktabulated.cpp">
      <Filter>Source Files\rplib\dryrock</Filter>
    </ClCompile>
    <ClCompile Include="rplib\dryrockdem.cpp">
      <Filter>Source Files\rplib\dryrock</Filter>
    </ClCompile>
    <ClCompile Include="rplib\dryrockmix.cpp">
      <Filter>Source Files\rplib\dryrock</Filter>
    </ClCompile>
    <ClCompile Include="rplib\dryrocktabulatedmodulus.cpp">
      <Filter>Source Files\rplib\dryrock</Filter>
    </ClCompile>
    <ClCompile Include="src\rockphysicsinversion4d.cpp">
      <Filter>Source Files\src</Filter>
    </ClCompile>
    <ClCompile Include="rplib\distributionsdryrockwalton.cpp">
      <Filter>Source Files\rplib\dryrock</Filter>
    </ClCompile>
    <ClCompile Include="rplib\dryrockwalton.cpp">
      <Filter>Source Files\rplib\dryrock</Filter>
    </ClCompile>
    <ClCompile Include="libs\nrlib\random\betawithendmass.cpp">
      <Filter>Source Files\libs\nrlib</Filter>
    </ClCompile>
    <ClCompile Include="rplib\betaendmassdistributionwithtrend.cpp">
      <Filter>Source Files\rplib</Filter>
    </ClCompile>
    <ClCompile Include="src\commondata.cpp">
      <Filter>Source Files\src</Filter>
    </ClCompile>
    <ClCompile Include="src\blockedlogsforrockphysics.cpp">
      <Filter>Source Files\src</Filter>
    </ClCompile>
    <ClCompile Include="libs\nrlib\random\dSFMT.cpp">
      <Filter>Source Files\libs\nrlib</Filter>
    </ClCompile>
    <ClCompile Include="rplib\table_rho1.cpp">
      <Filter>Source Files\rplib\fluid</Filter>
    </ClCompile>
    <ClCompile Include="rplib\table_rho2.cpp">
      <Filter>Source Files\rplib\fluid</Filter>
    </ClCompile>
    <ClCompile Include="rplib\table_vp1.cpp">
      <Filter>Source Files\rplib\fluid</Filter>
    </ClCompile>
    <ClCompile Include="rplib\table_vp2.cpp">
      <Filter>Source Files\rplib\fluid</Filter>
    </ClCompile>
    <ClCompile Include="src\rmstrace.cpp">
      <Filter>Source Files\src</Filter>
    </ClCompile>
    <ClCompile Include="src\gravimetricinversion.cpp">
      <Filter>Source Files\src</Filter>
    </ClCompile>
    <ClCompile Include="src\modelgravitydynamic.cpp">
      <Filter>Source Files\src</Filter>
    </ClCompile>
    <ClCompile Include="src\modelgravitystatic.cpp">
      <Filter>Source Files\src</Filter>
    </ClCompile>
    <ClCompile Include="src\traveltimeinversion.cpp">
      <Filter>Source Files\src</Filter>
    </ClCompile>
    <ClCompile Include="src\modeltraveltimestatic.cpp">
      <Filter>Source Files\src</Filter>
    </ClCompile>
    <ClCompile Include="rplib\table_rho.cpp">
      <Filter>Source Files\rplib\fluid</Filter>
    </ClCompile>
    <ClCompile Include="rplib\table_vp.cpp">
      <Filter>Source Files\rplib\fluid</Filter>
    </ClCompile>
    <ClCompile Include="libs\nrlib\well\laswell.cpp">
      <Filter>Source Files\libs\nrlib</Filter>
    </ClCompile>
    <ClCompile Include="rplib\solid.cpp">
      <Filter>Source Files\rplib\solid</Filter>
    </ClCompile>
    <ClCompile Include="rplib\fluid.cpp">
      <Filter>Source Files\rplib\fluid</Filter>
    </ClCompile>
    <ClCompile Include="rplib\dryrock.cpp">
      <Filter>Source Files\rplib\dryrock</Filter>
    </ClCompile>
    <ClCompile Include="rplib\table_vp_2.cpp">
      <Filter>Source Files\rplib\fluid</Filter>
    </ClCompile>
    <ClCompile Include="rplib\table_vp_3.cpp">
      <Filter>Source Files\rplib\fluid</Filter>
    </ClCompile>
    <ClCompile Include="rplib\table_rho_3.cpp">
      <Filter>Source Files\rplib\fluid</Filter>
    </ClCompile>
    <ClCompile Include="rplib\table_rho_2.cpp">
      <Filter>Source Files\rplib\fluid</Filter>
    </ClCompile>
    <ClCompile Include="libs\nrlib\random\randomgenerator.cpp">
      <Filter>Source Files\libs\nrlib</Filter>
    </ClCompile>
  </ItemGroup>
  <ItemGroup>
    <ClInclude Include="src\tasklist.h">
      <Filter>Source Files\libs\boost</Filter>
    </ClInclude>
    <ClInclude Include="src\analyzelog.h">
      <Filter>Header Files\src No. 1</Filter>
    </ClInclude>
    <ClInclude Include="src\background.h">
      <Filter>Header Files\src No. 1</Filter>
    </ClInclude>
    <ClInclude Include="src\blockedlogs.h">
      <Filter>Header Files\src No. 1</Filter>
    </ClInclude>
    <ClInclude Include="src\blockedlogsforzone.h">
      <Filter>Header Files\src No. 1</Filter>
    </ClInclude>
    <ClInclude Include="src\box.h">
      <Filter>Header Files\src No. 1</Filter>
    </ClInclude>
    <ClInclude Include="src\bWellPt.h">
      <Filter>Header Files\src No. 1</Filter>
    </ClInclude>
    <ClInclude Include="src\correlatedrocksamples.h">
      <Filter>Header Files\src No. 1</Filter>
    </ClInclude>
    <ClInclude Include="src\covgrid2d.h">
      <Filter>Header Files\src No. 1</Filter>
    </ClInclude>
    <ClInclude Include="src\covgridseparated.h">
      <Filter>Header Files\src No. 1</Filter>
    </ClInclude>
    <ClInclude Include="src\crava.h">
      <Filter>Header Files\src No. 1</Filter>
    </ClInclude>
    <ClInclude Include="src\cravatrend.h">
      <Filter>Header Files\src No. 1</Filter>
    </ClInclude>
    <ClInclude Include="src\definitions.h">
      <Filter>Header Files\src No. 1</Filter>
    </ClInclude>
    <ClInclude Include="src\doinversion.h">
      <Filter>Header Files\src No. 1</Filter>
    </ClInclude>
    <ClInclude Include="src\faciesprob.h">
      <Filter>Header Files\src No. 1</Filter>
    </ClInclude>
    <ClInclude Include="src\fftfilegrid.h">
      <Filter>Header Files\src No. 1</Filter>
    </ClInclude>
    <ClInclude Include="src\fftgrid.h">
      <Filter>Header Files\src No. 1</Filter>
    </ClInclude>
    <ClInclude Include="src\gridmapping.h">
      <Filter>Header Files\src No. 1</Filter>
    </ClInclude>
    <ClInclude Include="src\inputfiles.h">
      <Filter>Header Files\src No. 1</Filter>
    </ClInclude>
    <ClInclude Include="src\io.h">
      <Filter>Header Files\src No. 1</Filter>
    </ClInclude>
    <ClInclude Include="src\kriging2d.h">
      <Filter>Header Files\src No. 1</Filter>
    </ClInclude>
    <ClInclude Include="src\krigingAdmin.h">
      <Filter>Header Files\src No. 1</Filter>
    </ClInclude>
    <ClInclude Include="src\krigingdata2d.h">
      <Filter>Header Files\src No. 1</Filter>
    </ClInclude>
    <ClInclude Include="src\krigingdata3d.h">
      <Filter>Header Files\src No. 1</Filter>
    </ClInclude>
    <ClInclude Include="src\modelavodynamic.h">
      <Filter>Header Files\src No. 1</Filter>
    </ClInclude>
    <ClInclude Include="src\modelavostatic.h">
      <Filter>Header Files\src No. 1</Filter>
    </ClInclude>
    <ClInclude Include="src\modelgeneral.h">
      <Filter>Header Files\src No. 1</Filter>
    </ClInclude>
    <ClInclude Include="src\modelsettings.h">
      <Filter>Header Files\src No. 1</Filter>
    </ClInclude>
    <ClInclude Include="src\modeltraveltimedynamic.h">
      <Filter>Header Files\src No. 1</Filter>
    </ClInclude>
    <ClInclude Include="src\parameteroutput.h">
      <Filter>Header Files\src No. 1</Filter>
    </ClInclude>
    <ClInclude Include="src\posteriorelasticpdf.h">
      <Filter>Header Files\src No. 1</Filter>
    </ClInclude>
    <ClInclude Include="src\posteriorelasticpdf2d.h">
      <Filter>Header Files\src No. 1</Filter>
    </ClInclude>
    <ClInclude Include="src\posteriorelasticpdf3d.h">
      <Filter>Header Files\src No. 1</Filter>
    </ClInclude>
    <ClInclude Include="src\posteriorelasticpdf4d.h">
      <Filter>Header Files\src No. 1</Filter>
    </ClInclude>
    <ClInclude Include="src\program.h">
      <Filter>Header Files\src No. 1</Filter>
    </ClInclude>
    <ClInclude Include="src\qualitygrid.h">
      <Filter>Header Files\src No. 1</Filter>
    </ClInclude>
    <ClInclude Include="src\seismicparametersholder.h">
      <Filter>Header Files\src No. 1</Filter>
    </ClInclude>
    <ClInclude Include="src\simbox.h">
      <Filter>Header Files\src No. 1</Filter>
    </ClInclude>
    <ClInclude Include="src\spatialwellfilter.h">
      <Filter>Header Files\src No. 1</Filter>
    </ClInclude>
    <ClInclude Include="src\state4d.h">
      <Filter>Header Files\src No. 1</Filter>
    </ClInclude>
    <ClInclude Include="src\timeevolution.h">
      <Filter>Header Files\src No. 1</Filter>
    </ClInclude>
    <ClInclude Include="src\timeline.h">
      <Filter>Header Files\src No. 1</Filter>
    </ClInclude>
    <ClInclude Include="src\timings.h">
      <Filter>Header Files\src No. 1</Filter>
    </ClInclude>
    <ClInclude Include="src\vario.h">
      <Filter>Header Files\src No. 1</Filter>
    </ClInclude>
    <ClInclude Include="src\wavelet.h">
      <Filter>Header Files\src No. 1</Filter>
    </ClInclude>
    <ClInclude Include="src\wavelet1D.h">
      <Filter>Header Files\src No. 1</Filter>
    </ClInclude>
    <ClInclude Include="src\wavelet3D.h">
      <Filter>Header Files\src No. 1</Filter>
    </ClInclude>
    <ClInclude Include="src\waveletfilter.h">
      <Filter>Header Files\src No. 1</Filter>
    </ClInclude>
    <ClInclude Include="src\welldata.h">
      <Filter>Header Files\src No. 1</Filter>
    </ClInclude>
    <ClInclude Include="src\xmlmodelfile.h">
      <Filter>Header Files\src No. 1</Filter>
    </ClInclude>
    <ClInclude Include="libs\boost\cerrno.hpp">
      <Filter>Header Files\libs\boost</Filter>
    </ClInclude>
    <ClInclude Include="libs\boost\filesystem\config.hpp">
      <Filter>Header Files\libs\boost</Filter>
    </ClInclude>
    <ClInclude Include="libs\boost\system\config.hpp">
      <Filter>Header Files\libs\boost</Filter>
    </ClInclude>
    <ClInclude Include="libs\boost\filesystem\convenience.hpp">
      <Filter>Header Files\libs\boost</Filter>
    </ClInclude>
    <ClInclude Include="libs\boost\system\cygwin_error.hpp">
      <Filter>Header Files\libs\boost</Filter>
    </ClInclude>
    <ClInclude Include="libs\boost\system\error_code.hpp">
      <Filter>Header Files\libs\boost</Filter>
    </ClInclude>
    <ClInclude Include="libs\boost\filesystem\fstream.hpp">
      <Filter>Header Files\libs\boost</Filter>
    </ClInclude>
    <ClInclude Include="libs\boost\system\linux_error.hpp">
      <Filter>Header Files\libs\boost</Filter>
    </ClInclude>
    <ClInclude Include="libs\boost\filesystem\operations.hpp">
      <Filter>Header Files\libs\boost</Filter>
    </ClInclude>
    <ClInclude Include="libs\boost\filesystem\path.hpp">
      <Filter>Header Files\libs\boost</Filter>
    </ClInclude>
    <ClInclude Include="libs\boost\system\system_error.hpp">
      <Filter>Header Files\libs\boost</Filter>
    </ClInclude>
    <ClInclude Include="libs\boost\system\windows_error.hpp">
      <Filter>Header Files\libs\boost</Filter>
    </ClInclude>
    <ClInclude Include="libs\nrlib\random\beta.hpp">
      <Filter>Header Files\libs\nrlib</Filter>
    </ClInclude>
    <ClInclude Include="libs\nrlib\random\chisquared.hpp">
      <Filter>Header Files\libs\nrlib</Filter>
    </ClInclude>
    <ClInclude Include="libs\nrlib\segy\commonheaders.hpp">
      <Filter>Header Files\libs\nrlib</Filter>
    </ClInclude>
    <ClInclude Include="libs\nrlib\math\constants.hpp">
      <Filter>Header Files\libs\nrlib</Filter>
    </ClInclude>
    <ClInclude Include="libs\nrlib\random\delta.hpp">
      <Filter>Header Files\libs\nrlib</Filter>
    </ClInclude>
    <ClInclude Include="libs\nrlib\random\distribution.hpp">
      <Filter>Header Files\libs\nrlib</Filter>
    </ClInclude>
    <ClInclude Include="libs\nrlib\exception\exception.hpp">
      <Filter>Header Files\libs\nrlib</Filter>
    </ClInclude>
    <ClInclude Include="libs\nrlib\iotools\fileio.hpp">
      <Filter>Header Files\libs\nrlib</Filter>
    </ClInclude>
    <ClInclude Include="libs\nrlib\random\functions.hpp">
      <Filter>Header Files\libs\nrlib</Filter>
    </ClInclude>
    <ClInclude Include="libs\nrlib\random\gamma.hpp">
      <Filter>Header Files\libs\nrlib</Filter>
    </ClInclude>
    <ClInclude Include="libs\nrlib\grid\grid.hpp">
      <Filter>Header Files\libs\nrlib</Filter>
    </ClInclude>
    <ClInclude Include="libs\nrlib\grid\grid2d.hpp">
      <Filter>Header Files\libs\nrlib</Filter>
    </ClInclude>
    <ClInclude Include="libs\nrlib\iotools\logkit.hpp">
      <Filter>Header Files\libs\nrlib</Filter>
    </ClInclude>
    <ClInclude Include="libs\nrlib\math\mathutility.hpp">
      <Filter>Header Files\libs\nrlib</Filter>
    </ClInclude>
    <ClInclude Include="libs\nrlib\random\normal.hpp">
      <Filter>Header Files\libs\nrlib</Filter>
    </ClInclude>
    <ClInclude Include="libs\nrlib\well\norsarwell.hpp">
      <Filter>Header Files\libs\nrlib</Filter>
    </ClInclude>
    <ClInclude Include="libs\nrlib\flens\nrlib_flens.hpp">
      <Filter>Header Files\libs\nrlib</Filter>
    </ClInclude>
    <ClInclude Include="libs\nrlib\geometry\point.hpp">
      <Filter>Header Files\libs\nrlib</Filter>
    </ClInclude>
    <ClInclude Include="libs\nrlib\random\random.hpp">
      <Filter>Header Files\libs\nrlib</Filter>
    </ClInclude>
    <ClInclude Include="libs\nrlib\surface\regularsurface.hpp">
      <Filter>Header Files\libs\nrlib</Filter>
    </ClInclude>
    <ClInclude Include="libs\nrlib\surface\regularsurfacerotated.hpp">
      <Filter>Header Files\libs\nrlib</Filter>
    </ClInclude>
    <ClInclude Include="libs\nrlib\segy\segy.hpp">
      <Filter>Header Files\libs\nrlib</Filter>
    </ClInclude>
    <ClInclude Include="libs\nrlib\segy\segygeometry.hpp">
      <Filter>Header Files\libs\nrlib</Filter>
    </ClInclude>
    <ClInclude Include="libs\nrlib\segy\segytrace.hpp">
      <Filter>Header Files\libs\nrlib</Filter>
    </ClInclude>
    <ClInclude Include="libs\nrlib\stormgrid\stormcontgrid.hpp">
      <Filter>Header Files\libs\nrlib</Filter>
    </ClInclude>
    <ClInclude Include="libs\nrlib\iotools\stringtools.hpp">
      <Filter>Header Files\libs\nrlib</Filter>
    </ClInclude>
    <ClInclude Include="libs\nrlib\surface\surface.hpp">
      <Filter>Header Files\libs\nrlib</Filter>
    </ClInclude>
    <ClInclude Include="libs\nrlib\surface\surfaceio.hpp">
      <Filter>Header Files\libs\nrlib</Filter>
    </ClInclude>
    <ClInclude Include="libs\nrlib\segy\traceheader.hpp">
      <Filter>Header Files\libs\nrlib</Filter>
    </ClInclude>
    <ClInclude Include="libs\nrlib\trend\trend.hpp">
      <Filter>Header Files\libs\nrlib</Filter>
    </ClInclude>
    <ClInclude Include="libs\nrlib\trend\trendkit.hpp">
      <Filter>Header Files\libs\nrlib</Filter>
    </ClInclude>
    <ClInclude Include="libs\nrlib\trend\trendstorage.hpp">
      <Filter>Header Files\libs\nrlib</Filter>
    </ClInclude>
    <ClInclude Include="libs\nrlib\random\uniform.hpp">
      <Filter>Header Files\libs\nrlib</Filter>
    </ClInclude>
    <ClInclude Include="libs\nrlib\volume\volume.hpp">
      <Filter>Header Files\libs\nrlib</Filter>
    </ClInclude>
    <ClInclude Include="libs\nrlib\well\well.hpp">
      <Filter>Header Files\libs\nrlib</Filter>
    </ClInclude>
    <ClInclude Include="libs\lib\kriging1d.h">
      <Filter>Header Files\libs\lib No. 1</Filter>
    </ClInclude>
    <ClInclude Include="libs\lib\lib_matr.h">
      <Filter>Header Files\libs\lib No. 1</Filter>
    </ClInclude>
    <ClInclude Include="libs\lib\random.h">
      <Filter>Header Files\libs\lib No. 1</Filter>
    </ClInclude>
    <ClInclude Include="libs\lib\systemcall.h">
      <Filter>Header Files\libs\lib No. 1</Filter>
    </ClInclude>
    <ClInclude Include="libs\lib\timekit.hpp">
      <Filter>Header Files\libs\lib No. 1</Filter>
    </ClInclude>
    <ClInclude Include="libs\lib\utils.h">
      <Filter>Header Files\libs\lib No. 1</Filter>
    </ClInclude>
    <ClInclude Include="libs\fft\include\config.h">
      <Filter>Header Files\libs\fft No. 1</Filter>
    </ClInclude>
    <ClInclude Include="libs\fft\include\f77_func.h">
      <Filter>Header Files\libs\fft No. 1</Filter>
    </ClInclude>
    <ClInclude Include="libs\fft\include\fftw-int.h">
      <Filter>Header Files\libs\fft No. 1</Filter>
    </ClInclude>
    <ClInclude Include="libs\fft\include\fftw.h">
      <Filter>Header Files\libs\fft No. 1</Filter>
    </ClInclude>
    <ClInclude Include="libs\fft\include\rfftw.h">
      <Filter>Header Files\libs\fft No. 1</Filter>
    </ClInclude>
    <ClInclude Include="libs\flens\array.h">
      <Filter>Header Files\libs\flens</Filter>
    </ClInclude>
    <ClInclude Include="libs\flens\aux_cmath.h">
      <Filter>Header Files\libs\flens</Filter>
    </ClInclude>
    <ClInclude Include="libs\flens\aux_complex.h">
      <Filter>Header Files\libs\flens</Filter>
    </ClInclude>
    <ClInclude Include="libs\flens\aux_malloc.h">
      <Filter>Header Files\libs\flens</Filter>
    </ClInclude>
    <ClInclude Include="libs\flens\bandstorage.h">
      <Filter>Header Files\libs\flens</Filter>
    </ClInclude>
    <ClInclude Include="libs\flens\blas.h">
      <Filter>Header Files\libs\flens</Filter>
    </ClInclude>
    <ClInclude Include="libs\flens\blas_flens.h">
      <Filter>Header Files\libs\flens</Filter>
    </ClInclude>
    <ClInclude Include="libs\flens\blas_generic.h">
      <Filter>Header Files\libs\flens</Filter>
    </ClInclude>
    <ClInclude Include="libs\flens\cg.h">
      <Filter>Header Files\libs\flens</Filter>
    </ClInclude>
    <ClInclude Include="libs\flens\crs.h">
      <Filter>Header Files\libs\flens</Filter>
    </ClInclude>
    <ClInclude Include="libs\flens\densevector.h">
      <Filter>Header Files\libs\flens</Filter>
    </ClInclude>
    <ClInclude Include="libs\flens\evalclosure.h">
      <Filter>Header Files\libs\flens</Filter>
    </ClInclude>
    <ClInclude Include="libs\flens\fixedsizearray.h">
      <Filter>Header Files\libs\flens</Filter>
    </ClInclude>
    <ClInclude Include="libs\flens\flens.h">
      <Filter>Header Files\libs\flens</Filter>
    </ClInclude>
    <ClInclude Include="libs\flens\fullstorage.h">
      <Filter>Header Files\libs\flens</Filter>
    </ClInclude>
    <ClInclude Include="libs\flens\generalmatrix.h">
      <Filter>Header Files\libs\flens</Filter>
    </ClInclude>
    <ClInclude Include="libs\flens\hacksforgmpxx.h">
      <Filter>Header Files\libs\flens</Filter>
    </ClInclude>
    <ClInclude Include="libs\flens\hermitianmatrix.h">
      <Filter>Header Files\libs\flens</Filter>
    </ClInclude>
    <ClInclude Include="libs\flens\id.h">
      <Filter>Header Files\libs\flens</Filter>
    </ClInclude>
    <ClInclude Include="libs\flens\lapack.h">
      <Filter>Header Files\libs\flens</Filter>
    </ClInclude>
    <ClInclude Include="libs\flens\lapack_flens.h">
      <Filter>Header Files\libs\flens</Filter>
    </ClInclude>
    <ClInclude Include="libs\flens\lapack_flens_aux.h">
      <Filter>Header Files\libs\flens</Filter>
    </ClInclude>
    <ClInclude Include="libs\flens\lapack_generic.h">
      <Filter>Header Files\libs\flens</Filter>
    </ClInclude>
    <ClInclude Include="libs\flens\listinitializer.h">
      <Filter>Header Files\libs\flens</Filter>
    </ClInclude>
    <ClInclude Include="libs\flens\macros.h">
      <Filter>Header Files\libs\flens</Filter>
    </ClInclude>
    <ClInclude Include="libs\flens\matvec.h">
      <Filter>Header Files\libs\flens</Filter>
    </ClInclude>
    <ClInclude Include="libs\flens\matvecclosures.h">
      <Filter>Header Files\libs\flens</Filter>
    </ClInclude>
    <ClInclude Include="libs\flens\matvecio.h">
      <Filter>Header Files\libs\flens</Filter>
    </ClInclude>
    <ClInclude Include="libs\flens\matvecoperations.h">
      <Filter>Header Files\libs\flens</Filter>
    </ClInclude>
    <ClInclude Include="libs\flens\multigrid.h">
      <Filter>Header Files\libs\flens</Filter>
    </ClInclude>
    <ClInclude Include="libs\flens\operationtypes.h">
      <Filter>Header Files\libs\flens</Filter>
    </ClInclude>
    <ClInclude Include="libs\flens\packedstorage.h">
      <Filter>Header Files\libs\flens</Filter>
    </ClInclude>
    <ClInclude Include="libs\flens\polynom.h">
      <Filter>Header Files\libs\flens</Filter>
    </ClInclude>
    <ClInclude Include="libs\flens\range.h">
      <Filter>Header Files\libs\flens</Filter>
    </ClInclude>
    <ClInclude Include="libs\flens\result.h">
      <Filter>Header Files\libs\flens</Filter>
    </ClInclude>
    <ClInclude Include="libs\flens\scalarclosures.h">
      <Filter>Header Files\libs\flens</Filter>
    </ClInclude>
    <ClInclude Include="libs\flens\scalaroperations.h">
      <Filter>Header Files\libs\flens</Filter>
    </ClInclude>
    <ClInclude Include="libs\flens\snapshot.h">
      <Filter>Header Files\libs\flens</Filter>
    </ClInclude>
    <ClInclude Include="libs\flens\sparse_blas.h">
      <Filter>Header Files\libs\flens</Filter>
    </ClInclude>
    <ClInclude Include="libs\flens\sparse_blas_flens.h">
      <Filter>Header Files\libs\flens</Filter>
    </ClInclude>
    <ClInclude Include="libs\flens\sparsematrix.h">
      <Filter>Header Files\libs\flens</Filter>
    </ClInclude>
    <ClInclude Include="libs\flens\storage.h">
      <Filter>Header Files\libs\flens</Filter>
    </ClInclude>
    <ClInclude Include="libs\flens\symmetricmatrix.h">
      <Filter>Header Files\libs\flens</Filter>
    </ClInclude>
    <ClInclude Include="libs\flens\tiny_blas.h">
      <Filter>Header Files\libs\flens</Filter>
    </ClInclude>
    <ClInclude Include="libs\flens\tinymatrix.h">
      <Filter>Header Files\libs\flens</Filter>
    </ClInclude>
    <ClInclude Include="libs\flens\tinyvector.h">
      <Filter>Header Files\libs\flens</Filter>
    </ClInclude>
    <ClInclude Include="libs\flens\traits.h">
      <Filter>Header Files\libs\flens</Filter>
    </ClInclude>
    <ClInclude Include="libs\flens\triangularmatrix.h">
      <Filter>Header Files\libs\flens</Filter>
    </ClInclude>
    <ClInclude Include="libs\flens\underscore.h">
      <Filter>Header Files\libs\flens</Filter>
    </ClInclude>
    <ClInclude Include="libs\flens\uplo.h">
      <Filter>Header Files\libs\flens</Filter>
    </ClInclude>
    <ClInclude Include="rplib\betadistributionwithtrend.h">
      <Filter>Header Files\rplib</Filter>
    </ClInclude>
    <ClInclude Include="rplib\deltadistributionwithtrend.h">
      <Filter>Header Files\rplib</Filter>
    </ClInclude>
    <ClInclude Include="rplib\dem.h">
      <Filter>Header Files\rplib</Filter>
    </ClInclude>
    <ClInclude Include="rplib\demmodelling.h">
      <Filter>Header Files\rplib</Filter>
    </ClInclude>
    <ClInclude Include="rplib\distributionsstoragekit.h">
      <Filter>Header Files\rplib</Filter>
    </ClInclude>
    <ClInclude Include="rplib\distributionwithtrend.h">
      <Filter>Header Files\rplib</Filter>
    </ClInclude>
    <ClInclude Include="rplib\distributionwithtrendstorage.h">
      <Filter>Header Files\rplib</Filter>
    </ClInclude>
    <ClInclude Include="rplib\normaldistributionwithtrend.h">
      <Filter>Header Files\rplib</Filter>
    </ClInclude>
    <ClInclude Include="rplib\orddiffeqsolver.h">
      <Filter>Header Files\rplib</Filter>
    </ClInclude>
    <ClInclude Include="rplib\syntwelldata.h">
      <Filter>Header Files\rplib</Filter>
    </ClInclude>
    <ClInclude Include="rplib\tabulated.h">
      <Filter>Header Files\rplib</Filter>
    </ClInclude>
    <ClInclude Include="rplib\distributionsrock.h">
      <Filter>Header Files\rplib\rock</Filter>
    </ClInclude>
    <ClInclude Include="rplib\distributionsrockbounding.h">
      <Filter>Header Files\rplib\rock</Filter>
    </ClInclude>
    <ClInclude Include="rplib\distributionsrockdem.h">
      <Filter>Header Files\rplib\rock</Filter>
    </ClInclude>
    <ClInclude Include="rplib\distributionsrockgassmann.h">
      <Filter>Header Files\rplib\rock</Filter>
    </ClInclude>
    <ClInclude Include="rplib\distributionsrockmix.h">
      <Filter>Header Files\rplib\rock</Filter>
    </ClInclude>
    <ClInclude Include="rplib\distributionsrockstorage.h">
      <Filter>Header Files\rplib\rock</Filter>
    </ClInclude>
    <ClInclude Include="rplib\distributionsrocktabulated.h">
      <Filter>Header Files\rplib\rock</Filter>
    </ClInclude>
    <ClInclude Include="rplib\rock.h">
      <Filter>Header Files\rplib\rock</Filter>
    </ClInclude>
    <ClInclude Include="rplib\rockbounding.h">
      <Filter>Header Files\rplib\rock</Filter>
    </ClInclude>
    <ClInclude Include="rplib\rockdem.h">
      <Filter>Header Files\rplib\rock</Filter>
    </ClInclude>
    <ClInclude Include="rplib\rockgassmann.h">
      <Filter>Header Files\rplib\rock</Filter>
    </ClInclude>
    <ClInclude Include="rplib\rockmix.h">
      <Filter>Header Files\rplib\rock</Filter>
    </ClInclude>
    <ClInclude Include="rplib\rocktabulatedvelocity.h">
      <Filter>Header Files\rplib\rock</Filter>
    </ClInclude>
    <ClInclude Include="rplib\distributionssolid.h">
      <Filter>Header Files\rplib\solid</Filter>
    </ClInclude>
    <ClInclude Include="rplib\distributionssoliddem.h">
      <Filter>Header Files\rplib\solid</Filter>
    </ClInclude>
    <ClInclude Include="rplib\distributionssolidmix.h">
      <Filter>Header Files\rplib\solid</Filter>
    </ClInclude>
    <ClInclude Include="rplib\distributionssolidstorage.h">
      <Filter>Header Files\rplib\solid</Filter>
    </ClInclude>
    <ClInclude Include="rplib\distributionssolidtabulated.h">
      <Filter>Header Files\rplib\solid</Filter>
    </ClInclude>
    <ClInclude Include="rplib\solid.h">
      <Filter>Header Files\rplib\solid</Filter>
    </ClInclude>
    <ClInclude Include="rplib\soliddem.h">
      <Filter>Header Files\rplib\solid</Filter>
    </ClInclude>
    <ClInclude Include="rplib\solidmix.h">
      <Filter>Header Files\rplib\solid</Filter>
    </ClInclude>
    <ClInclude Include="rplib\solidtabulatedmodulus.h">
      <Filter>Header Files\rplib\solid</Filter>
    </ClInclude>
    <ClInclude Include="rplib\distributionsfluid.h">
      <Filter>Header Files\rplib\fluid</Filter>
    </ClInclude>
    <ClInclude Include="rplib\distributionsfluidbatzlewang.h">
      <Filter>Header Files\rplib\fluid</Filter>
    </ClInclude>
    <ClInclude Include="rplib\distributionsfluidco2.h">
      <Filter>Header Files\rplib\fluid</Filter>
    </ClInclude>
    <ClInclude Include="rplib\distributionsfluidmix.h">
      <Filter>Header Files\rplib\fluid</Filter>
    </ClInclude>
    <ClInclude Include="rplib\distributionsfluidstorage.h">
      <Filter>Header Files\rplib\fluid</Filter>
    </ClInclude>
    <ClInclude Include="rplib\distributionsfluidtabulated.h">
      <Filter>Header Files\rplib\fluid</Filter>
    </ClInclude>
    <ClInclude Include="rplib\fluid.h">
      <Filter>Header Files\rplib\fluid</Filter>
    </ClInclude>
    <ClInclude Include="rplib\fluidbatzlewang.h">
      <Filter>Header Files\rplib\fluid</Filter>
    </ClInclude>
    <ClInclude Include="rplib\fluidco2.h">
      <Filter>Header Files\rplib\fluid</Filter>
    </ClInclude>
    <ClInclude Include="rplib\fluidmix.h">
      <Filter>Header Files\rplib\fluid</Filter>
    </ClInclude>
    <ClInclude Include="rplib\fluidtabulatedmodulus.h">
      <Filter>Header Files\rplib\fluid</Filter>
    </ClInclude>
    <ClInclude Include="rplib\distributionsdryrock.h">
      <Filter>Header Files\rplib\dryrock</Filter>
    </ClInclude>
    <ClInclude Include="rplib\distributionsdryrockdem.h">
      <Filter>Header Files\rplib\dryrock</Filter>
    </ClInclude>
    <ClInclude Include="rplib\distributionsdryrockmix.h">
      <Filter>Header Files\rplib\dryrock</Filter>
    </ClInclude>
    <ClInclude Include="rplib\distributionsdryrockstorage.h">
      <Filter>Header Files\rplib\dryrock</Filter>
    </ClInclude>
    <ClInclude Include="rplib\distributionsdryrocktabulated.h">
      <Filter>Header Files\rplib\dryrock</Filter>
    </ClInclude>
    <ClInclude Include="rplib\dryrock.h">
      <Filter>Header Files\rplib\dryrock</Filter>
    </ClInclude>
    <ClInclude Include="rplib\dryrockdem.h">
      <Filter>Header Files\rplib\dryrock</Filter>
    </ClInclude>
    <ClInclude Include="rplib\dryrockmix.h">
      <Filter>Header Files\rplib\dryrock</Filter>
    </ClInclude>
    <ClInclude Include="rplib\dryrocktabulatedmodulus.h">
      <Filter>Header Files\rplib\dryrock</Filter>
    </ClInclude>
    <ClInclude Include="src\rockphysicsinversion4d.h">
      <Filter>Header Files\src No. 1</Filter>
    </ClInclude>
    <ClInclude Include="rplib\distributionsdryrockwalton.h">
      <Filter>Header Files\rplib\dryrock</Filter>
    </ClInclude>
    <ClInclude Include="rplib\dryrockwalton.h">
      <Filter>Header Files\rplib\dryrock</Filter>
    </ClInclude>
    <ClInclude Include="libs\nrlib\random\betawithendmass.hpp">
      <Filter>Header Files\libs\nrlib</Filter>
    </ClInclude>
    <ClInclude Include="rplib\betaendmassdistributionwithtrend.h">
      <Filter>Header Files\rplib</Filter>
    </ClInclude>
    <ClInclude Include="libs\nrlib\tinyxml\tinyxml.h">
      <Filter>Header Files</Filter>
    </ClInclude>
    <ClInclude Include="src\commondata.h">
      <Filter>Header Files\src No. 1</Filter>
    </ClInclude>
    <ClInclude Include="src\blockedlogsforrockphysics.h">
      <Filter>Header Files\src No. 1</Filter>
    </ClInclude>
    <ClInclude Include="libs\nrlib\random\dSFMT.h">
      <Filter>Header Files\libs\nrlib</Filter>
    </ClInclude>
    <ClInclude Include="rplib\table_rho1.h">
      <Filter>Header Files\rplib\fluid</Filter>
    </ClInclude>
    <ClInclude Include="src\gravimetricinversion.h">
      <Filter>Header Files\src No. 1</Filter>
    </ClInclude>
    <ClInclude Include="rplib\table_rho2.h">
      <Filter>Header Files\rplib\fluid</Filter>
    </ClInclude>
    <ClInclude Include="rplib\table_vp1.h">
      <Filter>Header Files\rplib\fluid</Filter>
    </ClInclude>
    <ClInclude Include="rplib\table_vp2.h">
      <Filter>Header Files\rplib\fluid</Filter>
    </ClInclude>
    <ClInclude Include="src\rmstrace.h">
      <Filter>Header Files\src No. 1</Filter>
    </ClInclude>
    <ClInclude Include="src\modelgravitydynamic.h">
      <Filter>Header Files\src No. 1</Filter>
    </ClInclude>
    <ClInclude Include="src\modelgravitystatic.h">
      <Filter>Header Files\src No. 1</Filter>
    </ClInclude>
    <ClInclude Include="src\traveltimeinversion.h">
      <Filter>Header Files\src No. 1</Filter>
    </ClInclude>
    <ClInclude Include="src\modeltraveltimestatic.h">
      <Filter>Header Files\src No. 1</Filter>
    </ClInclude>
    <ClInclude Include="rplib\table_vp.h">
      <Filter>Header Files\rplib\fluid</Filter>
    </ClInclude>
    <ClInclude Include="rplib\table_rho.h">
      <Filter>Header Files\rplib\fluid</Filter>
    </ClInclude>
    <ClInclude Include="libs\nrlib\well\laswell.hpp">
      <Filter>Header Files\libs\nrlib</Filter>
    </ClInclude>
    <ClInclude Include="rplib\table_vp_3.h">
      <Filter>Header Files\rplib\fluid</Filter>
    </ClInclude>
    <ClInclude Include="rplib\table_vp_2.h">
      <Filter>Header Files\rplib\fluid</Filter>
    </ClInclude>
    <ClInclude Include="rplib\table_rho_3.h">
      <Filter>Header Files\rplib\fluid</Filter>
    </ClInclude>
    <ClInclude Include="rplib\table_rho_2.h">
      <Filter>Header Files\rplib\fluid</Filter>
    </ClInclude>
    <ClInclude Include="libs\nrlib\random\randomgenerator.hpp">
      <Filter>Header Files\libs\nrlib</Filter>
    </ClInclude>
  </ItemGroup>
  <ItemGroup>
    <None Include="..\..\..\..\NORSAR\BIP2008-2010\NSM-Projects\CRAVA_Project\INVERSION\CRAVA_INPUT\initial-model.xml">
      <Filter>Source Files\libs\nrlib</Filter>
    </None>
    <None Include="libs\flens\array.tcc">
      <Filter>Header Files\libs\flens</Filter>
    </None>
    <None Include="libs\flens\aux_cmath.tcc">
      <Filter>Header Files\libs\flens</Filter>
    </None>
    <None Include="libs\flens\bandstorage.tcc">
      <Filter>Header Files\libs\flens</Filter>
    </None>
    <None Include="libs\flens\blas.tcc">
      <Filter>Header Files\libs\flens</Filter>
    </None>
    <None Include="libs\flens\blas_flens.tcc">
      <Filter>Header Files\libs\flens</Filter>
    </None>
    <None Include="libs\flens\blas_generic.tcc">
      <Filter>Header Files\libs\flens</Filter>
    </None>
    <None Include="libs\flens\cg.tcc">
      <Filter>Header Files\libs\flens</Filter>
    </None>
    <None Include="libs\flens\crs.tcc">
      <Filter>Header Files\libs\flens</Filter>
    </None>
    <None Include="libs\flens\densevector.tcc">
      <Filter>Header Files\libs\flens</Filter>
    </None>
    <None Include="libs\flens\evalclosure.tcc">
      <Filter>Header Files\libs\flens</Filter>
    </None>
    <None Include="libs\flens\fixedsizearray.tcc">
      <Filter>Header Files\libs\flens</Filter>
    </None>
    <None Include="libs\flens\fullstorage.tcc">
      <Filter>Header Files\libs\flens</Filter>
    </None>
    <None Include="libs\flens\generalmatrix.tcc">
      <Filter>Header Files\libs\flens</Filter>
    </None>
    <None Include="libs\flens\hermitianmatrix.tcc">
      <Filter>Header Files\libs\flens</Filter>
    </None>
    <None Include="libs\flens\lapack_flens.tcc">
      <Filter>Header Files\libs\flens</Filter>
    </None>
    <None Include="libs\flens\lapack_flens_aux.tcc">
      <Filter>Header Files\libs\flens</Filter>
    </None>
    <None Include="libs\flens\lapack_generic.tcc">
      <Filter>Header Files\libs\flens</Filter>
    </None>
    <None Include="libs\flens\listinitializer.tcc">
      <Filter>Header Files\libs\flens</Filter>
    </None>
    <None Include="libs\flens\matvec.tcc">
      <Filter>Header Files\libs\flens</Filter>
    </None>
    <None Include="libs\flens\matvecclosures.tcc">
      <Filter>Header Files\libs\flens</Filter>
    </None>
    <None Include="libs\flens\matvecio.tcc">
      <Filter>Header Files\libs\flens</Filter>
    </None>
    <None Include="libs\flens\matvecoperations.tcc">
      <Filter>Header Files\libs\flens</Filter>
    </None>
    <None Include="libs\flens\multigrid.tcc">
      <Filter>Header Files\libs\flens</Filter>
    </None>
    <None Include="libs\flens\packedstorage.tcc">
      <Filter>Header Files\libs\flens</Filter>
    </None>
    <None Include="libs\flens\polynom.tcc">
      <Filter>Header Files\libs\flens</Filter>
    </None>
    <None Include="libs\flens\range.tcc">
      <Filter>Header Files\libs\flens</Filter>
    </None>
    <None Include="libs\flens\scalarclosures.tcc">
      <Filter>Header Files\libs\flens</Filter>
    </None>
    <None Include="libs\flens\scalaroperations.tcc">
      <Filter>Header Files\libs\flens</Filter>
    </None>
    <None Include="libs\flens\sparse_blas.tcc">
      <Filter>Header Files\libs\flens</Filter>
    </None>
    <None Include="libs\flens\sparse_blas_flens.tcc">
      <Filter>Header Files\libs\flens</Filter>
    </None>
    <None Include="libs\flens\sparsematrix.tcc">
      <Filter>Header Files\libs\flens</Filter>
    </None>
    <None Include="libs\flens\symmetricmatrix.tcc">
      <Filter>Header Files\libs\flens</Filter>
    </None>
    <None Include="libs\flens\tiny_blas.tcc">
      <Filter>Header Files\libs\flens</Filter>
    </None>
    <None Include="libs\flens\tinymatrix.tcc">
      <Filter>Header Files\libs\flens</Filter>
    </None>
    <None Include="libs\flens\tinyvector.tcc">
      <Filter>Header Files\libs\flens</Filter>
    </None>
    <None Include="libs\flens\triangularmatrix.tcc">
      <Filter>Header Files\libs\flens</Filter>
    </None>
    <None Include="libs\flens\uplo.tcc">
      <Filter>Header Files\libs\flens</Filter>
    </None>
    <None Include="nrlib\random\module.mk" />
    <None Include="ClassDiagram1.cd" />
  </ItemGroup>
</Project>